
Microsoft Visual Studio Solution File, Format Version 12.00
# Visual Studio 15
VisualStudioVersion = 15.0.27130.2010
MinimumVisualStudioVersion = 10.0.40219.1
Project("{9A19103F-16F7-4668-BE54-9A1E7A4F7556}") = "PangolinRPCNet", "PangolinRPCNet\PangolinRPCNet.csproj", "{1BB89ED5-6959-44C3-BCD8-7D264473A651}"
EndProject
Project("{FAE04EC0-301F-11D3-BF4B-00C04F79EFBC}") = "PangolinRPCNet.Console", "PangolinRPCNet.Console\PangolinRPCNet.Console.csproj", "{E4B586E7-8192-42D6-906B-B06E67A0BC35}"
EndProject
Global
	GlobalSection(SolutionConfigurationPlatforms) = preSolution
		Debug|Any CPU = Debug|Any CPU
		Release|Any CPU = Release|Any CPU
	EndGlobalSection
	GlobalSection(ProjectConfigurationPlatforms) = postSolution
		{1BB89ED5-6959-44C3-BCD8-7D264473A651}.Debug|Any CPU.ActiveCfg = Debug|Any CPU
		{1BB89ED5-6959-44C3-BCD8-7D264473A651}.Debug|Any CPU.Build.0 = Debug|Any CPU
		{1BB89ED5-6959-44C3-BCD8-7D264473A651}.Release|Any CPU.ActiveCfg = Release|Any CPU
		{1BB89ED5-6959-44C3-BCD8-7D264473A651}.Release|Any CPU.Build.0 = Release|Any CPU
		{E4B586E7-8192-42D6-906B-B06E67A0BC35}.Debug|Any CPU.ActiveCfg = Debug|Any CPU
		{E4B586E7-8192-42D6-906B-B06E67A0BC35}.Debug|Any CPU.Build.0 = Debug|Any CPU
		{E4B586E7-8192-42D6-906B-B06E67A0BC35}.Release|Any CPU.ActiveCfg = Release|Any CPU
		{E4B586E7-8192-42D6-906B-B06E67A0BC35}.Release|Any CPU.Build.0 = Release|Any CPU
	EndGlobalSection
	GlobalSection(SolutionProperties) = preSolution
		HideSolutionNode = FALSE
	EndGlobalSection
	GlobalSection(ExtensibilityGlobals) = postSolution
		SolutionGuid = {8C6B7C92-79DE-49B4-9CBF-29DD5ED1963E}
	EndGlobalSection
EndGlobal
